// !$*UTF8*$!
{
	archiveVersion = 1;
	classes = {
	};
	objectVersion = 46;
	objects = {

/* Begin PBXBuildFile section */
		BC9755A61CAE51670095ECD5 /* main.m in Sources */ = {isa = PBXBuildFile; fileRef = BC9755A51CAE51670095ECD5 /* main.m */; };
		BC9755A91CAE51670095ECD5 /* AppDelegate.m in Sources */ = {isa = PBXBuildFile; fileRef = BC9755A81CAE51670095ECD5 /* AppDelegate.m */; };
		BC9755AC1CAE51670095ECD5 /* ViewController.m in Sources */ = {isa = PBXBuildFile; fileRef = BC9755AB1CAE51670095ECD5 /* ViewController.m */; };
		BC9755AF1CAE51670095ECD5 /* Main.storyboard in Resources */ = {isa = PBXBuildFile; fileRef = BC9755AD1CAE51670095ECD5 /* Main.storyboard */; };
		BC9755B11CAE51670095ECD5 /* Assets.xcassets in Resources */ = {isa = PBXBuildFile; fileRef = BC9755B01CAE51670095ECD5 /* Assets.xcassets */; };
		BC9755B41CAE51670095ECD5 /* LaunchScreen.storyboard in Resources */ = {isa = PBXBuildFile; fileRef = BC9755B21CAE51670095ECD5 /* LaunchScreen.storyboard */; };
		BC9755BF1CAE51670095ECD5 /* gitTests.m in Sources */ = {isa = PBXBuildFile; fileRef = BC9755BE1CAE51670095ECD5 /* gitTests.m */; };
		BC9755CA1CAE51670095ECD5 /* gitUITests.m in Sources */ = {isa = PBXBuildFile; fileRef = BC9755C91CAE51670095ECD5 /* gitUITests.m */; };
		BC9755DA1CAE54E30095ECD5 /* PersonB.m in Sources */ = {isa = PBXBuildFile; fileRef = BC9755D91CAE54E30095ECD5 /* PersonB.m */; };
/* End PBXBuildFile section */

/* Begin PBXContainerItemProxy section */
		BC9755BB1CAE51670095ECD5 /* PBXContainerItemProxy */ = {
			isa = PBXContainerItemProxy;
			containerPortal = BC9755991CAE51670095ECD5 /* Project object */;
			proxyType = 1;
			remoteGlobalIDString = BC9755A01CAE51670095ECD5;
			remoteInfo = git;
		};
		BC9755C61CAE51670095ECD5 /* PBXContainerItemProxy */ = {
			isa = PBXContainerItemProxy;
			containerPortal = BC9755991CAE51670095ECD5 /* Project object */;
			proxyType = 1;
			remoteGlobalIDString = BC9755A01CAE51670095ECD5;
			remoteInfo = git;
		};
/* End PBXContainerItemProxy section */

/* Begin PBXFileReference section */
		BC9755A11CAE51670095ECD5 /* git.app */ = {isa = PBXFileReference; explicitFileType = wrapper.application; includeInIndex = 0; path = git.app; sourceTree = BUILT_PRODUCTS_DIR; };
		BC9755A51CAE51670095ECD5 /* main.m */ = {isa = PBXFileReference; lastKnownFileType = sourcecode.c.objc; path = main.m; sourceTree = "<group>"; };
		BC9755A71CAE51670095ECD5 /* AppDelegate.h */ = {isa = PBXFileReference; lastKnownFileType = sourcecode.c.h; path = AppDelegate.h; sourceTree = "<group>"; };
		BC9755A81CAE51670095ECD5 /* AppDelegate.m */ = {isa = PBXFileReference; lastKnownFileType = sourcecode.c.objc; path = AppDelegate.m; sourceTree = "<group>"; };
		BC9755AA1CAE51670095ECD5 /* ViewController.h */ = {isa = PBXFileReference; lastKnownFileType = sourcecode.c.h; path = ViewController.h; sourceTree = "<group>"; };
		BC9755AB1CAE51670095ECD5 /* ViewController.m */ = {isa = PBXFileReference; lastKnownFileType = sourcecode.c.objc; path = ViewController.m; sourceTree = "<group>"; };
		BC9755AE1CAE51670095ECD5 /* Base */ = {isa = PBXFileReference; lastKnownFileType = file.storyboard; name = Base; path = Base.lproj/Main.storyboard; sourceTree = "<group>"; };
		BC9755B01CAE51670095ECD5 /* Assets.xcassets */ = {isa = PBXFileReference; lastKnownFileType = folder.assetcatalog; path = Assets.xcassets; sourceTree = "<group>"; };
		BC9755B31CAE51670095ECD5 /* Base */ = {isa = PBXFileReference; lastKnownFileType = file.storyboard; name = Base; path = Base.lproj/LaunchScreen.storyboard; sourceTree = "<group>"; };
		BC9755B51CAE51670095ECD5 /* Info.plist */ = {isa = PBXFileReference; lastKnownFileType = text.plist.xml; path = Info.plist; sourceTree = "<group>"; };
		BC9755BA1CAE51670095ECD5 /* gitTests.xctest */ = {isa = PBXFileReference; explicitFileType = wrapper.cfbundle; includeInIndex = 0; path = gitTests.xctest; sourceTree = BUILT_PRODUCTS_DIR; };
		BC9755BE1CAE51670095ECD5 /* gitTests.m */ = {isa = PBXFileReference; lastKnownFileType = sourcecode.c.objc; path = gitTests.m; sourceTree = "<group>"; };
		BC9755C01CAE51670095ECD5 /* Info.plist */ = {isa = PBXFileReference; lastKnownFileType = text.plist.xml; path = Info.plist; sourceTree = "<group>"; };
		BC9755C51CAE51670095ECD5 /* gitUITests.xctest */ = {isa = PBXFileReference; explicitFileType = wrapper.cfbundle; includeInIndex = 0; path = gitUITests.xctest; sourceTree = BUILT_PRODUCTS_DIR; };
		BC9755C91CAE51670095ECD5 /* gitUITests.m */ = {isa = PBXFileReference; lastKnownFileType = sourcecode.c.objc; path = gitUITests.m; sourceTree = "<group>"; };
		BC9755CB1CAE51670095ECD5 /* Info.plist */ = {isa = PBXFileReference; lastKnownFileType = text.plist.xml; path = Info.plist; sourceTree = "<group>"; };
		BC9755D81CAE54E30095ECD5 /* PersonB.h */ = {isa = PBXFileReference; fileEncoding = 4; lastKnownFileType = sourcecode.c.h; path = PersonB.h; sourceTree = "<group>"; };
		BC9755D91CAE54E30095ECD5 /* PersonB.m */ = {isa = PBXFileReference; fileEncoding = 4; lastKnownFileType = sourcecode.c.objc; path = PersonB.m; sourceTree = "<group>"; };
/* End PBXFileReference section */

/* Begin PBXFrameworksBuildPhase section */
		BC97559E1CAE51670095ECD5 /* Frameworks */ = {
			isa = PBXFrameworksBuildPhase;
			buildActionMask = 2147483647;
			files = (
			);
			runOnlyForDeploymentPostprocessing = 0;
		};
		BC9755B71CAE51670095ECD5 /* Frameworks */ = {
			isa = PBXFrameworksBuildPhase;
			buildActionMask = 2147483647;
			files = (
			);
			runOnlyForDeploymentPostprocessing = 0;
		};
		BC9755C21CAE51670095ECD5 /* Frameworks */ = {
			isa = PBXFrameworksBuildPhase;
			buildActionMask = 2147483647;
			files = (
			);
			runOnlyForDeploymentPostprocessing = 0;
		};
/* End PBXFrameworksBuildPhase section */

/* Begin PBXGroup section */
		BC9755981CAE51670095ECD5 = {
			isa = PBXGroup;
			children = (
				BC9755A31CAE51670095ECD5 /* git */,
				BC9755BD1CAE51670095ECD5 /* gitTests */,
				BC9755C81CAE51670095ECD5 /* gitUITests */,
				BC9755A21CAE51670095ECD5 /* Products */,
			);
			sourceTree = "<group>";
		};
		BC9755A21CAE51670095ECD5 /* Products */ = {
			isa = PBXGroup;
			children = (
				BC9755A11CAE51670095ECD5 /* git.app */,
				BC9755BA1CAE51670095ECD5 /* gitTests.xctest */,
				BC9755C51CAE51670095ECD5 /* gitUITests.xctest */,
			);
			name = Products;
			sourceTree = "<group>";
		};
		BC9755A31CAE51670095ECD5 /* git */ = {
			isa = PBXGroup;
			children = (
				BC9755D71CAE54C20095ECD5 /* B */,
				BC9755A71CAE51670095ECD5 /* AppDelegate.h */,
				BC9755A81CAE51670095ECD5 /* AppDelegate.m */,
				BC9755AA1CAE51670095ECD5 /* ViewController.h */,
				BC9755AB1CAE51670095ECD5 /* ViewController.m */,
				BC9755AD1CAE51670095ECD5 /* Main.storyboard */,
				BC9755B01CAE51670095ECD5 /* Assets.xcassets */,
				BC9755B21CAE51670095ECD5 /* LaunchScreen.storyboard */,
				BC9755B51CAE51670095ECD5 /* Info.plist */,
				BC9755A41CAE51670095ECD5 /* Supporting Files */,
			);
			path = git;
			sourceTree = "<group>";
		};
		BC9755A41CAE51670095ECD5 /* Supporting Files */ = {
			isa = PBXGroup;
			children = (
				BC9755A51CAE51670095ECD5 /* main.m */,
			);
			name = "Supporting Files";
			sourceTree = "<group>";
		};
		BC9755BD1CAE51670095ECD5 /* gitTests */ = {
			isa = PBXGroup;
			children = (
				BC9755BE1CAE51670095ECD5 /* gitTests.m */,
				BC9755C01CAE51670095ECD5 /* Info.plist */,
			);
			path = gitTests;
			sourceTree = "<group>";
		};
		BC9755C81CAE51670095ECD5 /* gitUITests */ = {
			isa = PBXGroup;
			children = (
				BC9755C91CAE51670095ECD5 /* gitUITests.m */,
				BC9755CB1CAE51670095ECD5 /* Info.plist */,
			);
			path = gitUITests;
			sourceTree = "<group>";
		};
		BC9755D71CAE54C20095ECD5 /* B */ = {
			isa = PBXGroup;
			children = (
				BC9755D81CAE54E30095ECD5 /* PersonB.h */,
				BC9755D91CAE54E30095ECD5 /* PersonB.m */,
			);
			name = B;
			sourceTree = "<group>";
		};
/* End PBXGroup section */

/* Begin PBXNativeTarget section */
		BC9755A01CAE51670095ECD5 /* git */ = {
			isa = PBXNativeTarget;
			buildConfigurationList = BC9755CE1CAE51670095ECD5 /* Build configuration list for PBXNativeTarget "git" */;
			buildPhases = (
				BC97559D1CAE51670095ECD5 /* Sources */,
				BC97559E1CAE51670095ECD5 /* Frameworks */,
				BC97559F1CAE51670095ECD5 /* Resources */,
			);
			buildRules = (
			);
			dependencies = (
			);
			name = git;
			productName = git;
			productReference = BC9755A11CAE51670095ECD5 /* git.app */;
			productType = "com.apple.product-type.application";
		};
		BC9755B91CAE51670095ECD5 /* gitTests */ = {
			isa = PBXNativeTarget;
			buildConfigurationList = BC9755D11CAE51670095ECD5 /* Build configuration list for PBXNativeTarget "gitTests" */;
			buildPhases = (
				BC9755B61CAE51670095ECD5 /* Sources */,
				BC9755B71CAE51670095ECD5 /* Frameworks */,
				BC9755B81CAE51670095ECD5 /* Resources */,
			);
			buildRules = (
			);
			dependencies = (
				BC9755BC1CAE51670095ECD5 /* PBXTargetDependency */,
			);
			name = gitTests;
			productName = gitTests;
			productReference = BC9755BA1CAE51670095ECD5 /* gitTests.xctest */;
			productType = "com.apple.product-type.bundle.unit-test";
		};
		BC9755C41CAE51670095ECD5 /* gitUITests */ = {
			isa = PBXNativeTarget;
			buildConfigurationList = BC9755D41CAE51670095ECD5 /* Build configuration list for PBXNativeTarget "gitUITests" */;
			buildPhases = (
				BC9755C11CAE51670095ECD5 /* Sources */,
				BC9755C21CAE51670095ECD5 /* Frameworks */,
				BC9755C31CAE51670095ECD5 /* Resources */,
			);
			buildRules = (
			);
			dependencies = (
				BC9755C71CAE51670095ECD5 /* PBXTargetDependency */,
			);
			name = gitUITests;
			productName = gitUITests;
			productReference = BC9755C51CAE51670095ECD5 /* gitUITests.xctest */;
			productType = "com.apple.product-type.bundle.ui-testing";
		};
/* End PBXNativeTarget section */

/* Begin PBXProject section */
		BC9755991CAE51670095ECD5 /* Project object */ = {
			isa = PBXProject;
			attributes = {
				LastUpgradeCheck = 0720;
				ORGANIZATIONNAME = "周方超";
				TargetAttributes = {
					BC9755A01CAE51670095ECD5 = {
						CreatedOnToolsVersion = 7.2;
					};
					BC9755B91CAE51670095ECD5 = {
						CreatedOnToolsVersion = 7.2;
						TestTargetID = BC9755A01CAE51670095ECD5;
					};
					BC9755C41CAE51670095ECD5 = {
						CreatedOnToolsVersion = 7.2;
						TestTargetID = BC9755A01CAE51670095ECD5;
					};
				};
			};
			buildConfigurationList = BC97559C1CAE51670095ECD5 /* Build configuration list for PBXProject "git" */;
			compatibilityVersion = "Xcode 3.2";
			developmentRegion = English;
			hasScannedForEncodings = 0;
			knownRegions = (
				en,
				Base,
			);
			mainGroup = BC9755981CAE51670095ECD5;
			productRefGroup = BC9755A21CAE51670095ECD5 /* Products */;
			projectDirPath = "";
			projectRoot = "";
			targets = (
				BC9755A01CAE51670095ECD5 /* git */,
				BC9755B91CAE51670095ECD5 /* gitTests */,
				BC9755C41CAE51670095ECD5 /* gitUITests */,
			);
		};
/* End PBXProject section */

/* Begin PBXResourcesBuildPhase section */
		BC97559F1CAE51670095ECD5 /* Resources */ = {
			isa = PBXResourcesBuildPhase;
			buildActionMask = 2147483647;
			files = (
				BC9755B41CAE51670095ECD5 /* LaunchScreen.storyboard in Resources */,
				BC9755B11CAE51670095ECD5 /* Assets.xcassets in Resources */,
				BC9755AF1CAE51670095ECD5 /* Main.storyboard in Resources */,
			);
			runOnlyForDeploymentPostprocessing = 0;
		};
		BC9755B81CAE51670095ECD5 /* Resources */ = {
			isa = PBXResourcesBuildPhase;
			buildActionMask = 2147483647;
			files = (
			);
			runOnlyForDeploymentPostprocessing = 0;
		};
		BC9755C31CAE51670095ECD5 /* Resources */ = {
			isa = PBXResourcesBuildPhase;
			buildActionMask = 2147483647;
			files = (
			);
			runOnlyForDeploymentPostprocessing = 0;
		};
/* End PBXResourcesBuildPhase section */

/* Begin PBXSourcesBuildPhase section */
		BC97559D1CAE51670095ECD5 /* Sources */ = {
			isa = PBXSourcesBuildPhase;
			buildActionMask = 2147483647;
			files = (
				BC9755AC1CAE51670095ECD5 /* ViewController.m in Sources */,
				BC9755DA1CAE54E30095ECD5 /* PersonB.m in Sources */,
				BC9755A91CAE51670095ECD5 /* AppDelegate.m in Sources */,
				BC9755A61CAE51670095ECD5 /* main.m in Sources */,
			);
			runOnlyForDeploymentPostprocessing = 0;
		};
		BC9755B61CAE51670095ECD5 /* Sources */ = {
			isa = PBXSourcesBuildPhase;
			buildActionMask = 2147483647;
			files = (
				BC9755BF1CAE51670095ECD5 /* gitTests.m in Sources */,
			);
			runOnlyForDeploymentPostprocessing = 0;
		};
		BC9755C11CAE51670095ECD5 /* Sources */ = {
			isa = PBXSourcesBuildPhase;
			buildActionMask = 2147483647;
			files = (
				BC9755CA1CAE51670095ECD5 /* gitUITests.m in Sources */,
			);
			runOnlyForDeploymentPostprocessing = 0;
		};
/* End PBXSourcesBuildPhase section */

/* Begin PBXTargetDependency section */
		BC9755BC1CAE51670095ECD5 /* PBXTargetDependency */ = {
			isa = PBXTargetDependency;
			target = BC9755A01CAE51670095ECD5 /* git */;
			targetProxy = BC9755BB1CAE51670095ECD5 /* PBXContainerItemProxy */;
		};
		BC9755C71CAE51670095ECD5 /* PBXTargetDependency */ = {
			isa = PBXTargetDependency;
			target = BC9755A01CAE51670095ECD5 /* git */;
			targetProxy = BC9755C61CAE51670095ECD5 /* PBXContainerItemProxy */;
		};
/* End PBXTargetDependency section */

/* Begin PBXVariantGroup section */
		BC9755AD1CAE51670095ECD5 /* Main.storyboard */ = {
			isa = PBXVariantGroup;
			children = (
				BC9755AE1CAE51670095ECD5 /* Base */,
			);
			name = Main.storyboard;
			sourceTree = "<group>";
		};
		BC9755B21CAE51670095ECD5 /* LaunchScreen.storyboard */ = {
			isa = PBXVariantGroup;
			children = (
				BC9755B31CAE51670095ECD5 /* Base */,
			);
			name = LaunchScreen.storyboard;
			sourceTree = "<group>";
		};
/* End PBXVariantGroup section */

/* Begin XCBuildConfiguration section */
		BC9755CC1CAE51670095ECD5 /* Debug */ = {
			isa = XCBuildConfiguration;
			buildSettings = {
				ALWAYS_SEARCH_USER_PATHS = NO;
				CLANG_CXX_LANGUAGE_STANDARD = "gnu++0x";
				CLANG_CXX_LIBRARY = "libc++";
				CLANG_ENABLE_MODULES = YES;
				CLANG_ENABLE_OBJC_ARC = YES;
				CLANG_WARN_BOOL_CONVERSION = YES;
				CLANG_WARN_CONSTANT_CONVERSION = YES;
				CLANG_WARN_DIRECT_OBJC_ISA_USAGE = YES_ERROR;
				CLANG_WARN_EMPTY_BODY = YES;
				CLANG_WARN_ENUM_CONVERSION = YES;
				CLANG_WARN_INT_CONVERSION = YES;
				CLANG_WARN_OBJC_ROOT_CLASS = YES_ERROR;
				CLANG_WARN_UNREACHABLE_CODE = YES;
				CLANG_WARN__DUPLICATE_METHOD_MATCH = YES;
				"CODE_SIGN_IDENTITY[sdk=iphoneos*]" = "iPhone Developer";
				COPY_PHASE_STRIP = NO;
				DEBUG_INFORMATION_FORMAT = dwarf;
				ENABLE_STRICT_OBJC_MSGSEND = YES;
				ENABLE_TESTABILITY = YES;
				GCC_C_LANGUAGE_STANDARD = gnu99;
				GCC_DYNAMIC_NO_PIC = NO;
				GCC_NO_COMMON_BLOCKS = YES;
				GCC_OPTIMIZATION_LEVEL = 0;
				GCC_PREPROCESSOR_DEFINITIONS = (
					"DEBUG=1",
					"$(inherited)",
				);
				GCC_WARN_64_TO_32_BIT_CONVERSION = YES;
				GCC_WARN_ABOUT_RETURN_TYPE = YES_ERROR;
				GCC_WARN_UNDECLARED_SELECTOR = YES;
				GCC_WARN_UNINITIALIZED_AUTOS = YES_AGGRESSIVE;
				GCC_WARN_UNUSED_FUNCTION = YES;
				GCC_WARN_UNUSED_VARIABLE = YES;
				IPHONEOS_DEPLOYMENT_TARGET = 9.2;
				MTL_ENABLE_DEBUG_INFO = YES;
				ONLY_ACTIVE_ARCH = YES;
				SDKROOT = iphoneos;
			};
			name = Debug;
		};
		BC9755CD1CAE51670095ECD5 /* Release */ = {
			isa = XCBuildConfiguration;
			buildSettings = {
				ALWAYS_SEARCH_USER_PATHS = NO;
				CLANG_CXX_LANGUAGE_STANDARD = "gnu++0x";
				CLANG_CXX_LIBRARY = "libc++";
				CLANG_ENABLE_MODULES = YES;
				CLANG_ENABLE_OBJC_ARC = YES;
				CLANG_WARN_BOOL_CONVERSION = YES;
				CLANG_WARN_CONSTANT_CONVERSION = YES;
				CLANG_WARN_DIRECT_OBJC_ISA_USAGE = YES_ERROR;
				CLANG_WARN_EMPTY_BODY = YES;
				CLANG_WARN_ENUM_CONVERSION = YES;
				CLANG_WARN_INT_CONVERSION = YES;
				CLANG_WARN_OBJC_ROOT_CLASS = YES_ERROR;
				CLANG_WARN_UNREACHABLE_CODE = YES;
				CLANG_WARN__DUPLICATE_METHOD_MATCH = YES;
				"CODE_SIGN_IDENTITY[sdk=iphoneos*]" = "iPhone Developer";
				COPY_PHASE_STRIP = NO;
				DEBUG_INFORMATION_FORMAT = "dwarf-with-dsym";
				ENABLE_NS_ASSERTIONS = NO;
				ENABLE_STRICT_OBJC_MSGSEND = YES;
				GCC_C_LANGUAGE_STANDARD = gnu99;
				GCC_NO_COMMON_BLOCKS = YES;
				GCC_WARN_64_TO_32_BIT_CONVERSION = YES;
				GCC_WARN_ABOUT_RETURN_TYPE = YES_ERROR;
				GCC_WARN_UNDECLARED_SELECTOR = YES;
				GCC_WARN_UNINITIALIZED_AUTOS = YES_AGGRESSIVE;
				GCC_WARN_UNUSED_FUNCTION = YES;
				GCC_WARN_UNUSED_VARIABLE = YES;
				IPHONEOS_DEPLOYMENT_TARGET = 9.2;
				MTL_ENABLE_DEBUG_INFO = NO;
				SDKROOT = iphoneos;
				VALIDATE_PRODUCT = YES;
			};
			name = Release;
		};
		BC9755CF1CAE51670095ECD5 /* Debug */ = {
			isa = XCBuildConfiguration;
			buildSettings = {
				ASSETCATALOG_COMPILER_APPICON_NAME = AppIcon;
				INFOPLIST_FILE = git/Info.plist;
				LD_RUNPATH_SEARCH_PATHS = "$(inherited) @executable_path/Frameworks";
				PRODUCT_BUNDLE_IDENTIFIER = "-----.git";
				PRODUCT_NAME = "$(TARGET_NAME)";
			};
			name = Debug;
		};
		BC9755D01CAE51670095ECD5 /* Release */ = {
			isa = XCBuildConfiguration;
			buildSettings = {
				ASSETCATALOG_COMPILER_APPICON_NAME = AppIcon;
				INFOPLIST_FILE = git/Info.plist;
				LD_RUNPATH_SEARCH_PATHS = "$(inherited) @executable_path/Frameworks";
				PRODUCT_BUNDLE_IDENTIFIER = "-----.git";
				PRODUCT_NAME = "$(TARGET_NAME)";
			};
			name = Release;
		};
		BC9755D21CAE51670095ECD5 /* Debug */ = {
			isa = XCBuildConfiguration;
			buildSettings = {
				BUNDLE_LOADER = "$(TEST_HOST)";
				INFOPLIST_FILE = gitTests/Info.plist;
				LD_RUNPATH_SEARCH_PATHS = "$(inherited) @executable_path/Frameworks @loader_path/Frameworks";
				PRODUCT_BUNDLE_IDENTIFIER = "-----.gitTests";
				PRODUCT_NAME = "$(TARGET_NAME)";
				TEST_HOST = "$(BUILT_PRODUCTS_DIR)/git.app/git";
			};
			name = Debug;
		};
		BC9755D31CAE51670095ECD5 /* Release */ = {
			isa = XCBuildConfiguration;
			buildSettings = {
				BUNDLE_LOADER = "$(TEST_HOST)";
				INFOPLIST_FILE = gitTests/Info.plist;
				LD_RUNPATH_SEARCH_PATHS = "$(inherited) @executable_path/Frameworks @loader_path/Frameworks";
				PRODUCT_BUNDLE_IDENTIFIER = "-----.gitTests";
				PRODUCT_NAME = "$(TARGET_NAME)";
				TEST_HOST = "$(BUILT_PRODUCTS_DIR)/git.app/git";
			};
			name = Release;
		};
		BC9755D51CAE51670095ECD5 /* Debug */ = {
			isa = XCBuildConfiguration;
			buildSettings = {
				INFOPLIST_FILE = gitUITests/Info.plist;
				LD_RUNPATH_SEARCH_PATHS = "$(inherited) @executable_path/Frameworks @loader_path/Frameworks";
				PRODUCT_BUNDLE_IDENTIFIER = "-----.gitUITests";
				PRODUCT_NAME = "$(TARGET_NAME)";
				TEST_TARGET_NAME = git;
				USES_XCTRUNNER = YES;
			};
			name = Debug;
		};
		BC9755D61CAE51670095ECD5 /* Release */ = {
			isa = XCBuildConfiguration;
			buildSettings = {
				INFOPLIST_FILE = gitUITests/Info.plist;
				LD_RUNPATH_SEARCH_PATHS = "$(inherited) @executable_path/Frameworks @loader_path/Frameworks";
				PRODUCT_BUNDLE_IDENTIFIER = "-----.gitUITests";
				PRODUCT_NAME = "$(TARGET_NAME)";
				TEST_TARGET_NAME = git;
				USES_XCTRUNNER = YES;
			};
			name = Release;
		};
/* End XCBuildConfiguration section */

/* Begin XCConfigurationList section */
		BC97559C1CAE51670095ECD5 /* Build configuration list for PBXProject "git" */ = {
			isa = XCConfigurationList;
			buildConfigurations = (
				BC9755CC1CAE51670095ECD5 /* Debug */,
				BC9755CD1CAE51670095ECD5 /* Release */,
			);
			defaultConfigurationIsVisible = 0;
			defaultConfigurationName = Release;
		};
		BC9755CE1CAE51670095ECD5 /* Build configuration list for PBXNativeTarget "git" */ = {
			isa = XCConfigurationList;
			buildConfigurations = (
				BC9755CF1CAE51670095ECD5 /* Debug */,
				BC9755D01CAE51670095ECD5 /* Release */,
			);
			defaultConfigurationIsVisible = 0;
			defaultConfigurationName = Release;
		};
		BC9755D11CAE51670095ECD5 /* Build configuration list for PBXNativeTarget "gitTests" */ = {
			isa = XCConfigurationList;
			buildConfigurations = (
				BC9755D21CAE51670095ECD5 /* Debug */,
				BC9755D31CAE51670095ECD5 /* Release */,
			);
			defaultConfigurationIsVisible = 0;
			defaultConfigurationName = Release;
		};
		BC9755D41CAE51670095ECD5 /* Build configuration list for PBXNativeTarget "gitUITests" */ = {
			isa = XCConfigurationList;
			buildConfigurations = (
				BC9755D51CAE51670095ECD5 /* Debug */,
				BC9755D61CAE51670095ECD5 /* Release */,
			);
			defaultConfigurationIsVisible = 0;
			defaultConfigurationName = Release;
		};
/* End XCConfigurationList section */
	};
	rootObject = BC9755991CAE51670095ECD5 /* Project object */;
}
